
Microsoft Visual Studio Solution File, Format Version 12.00
# Visual Studio 14
VisualStudioVersion = 14.0.25420.1
MinimumVisualStudioVersion = 10.0.40219.1
Project("{FAE04EC0-301F-11D3-BF4B-00C04F79EFBC}") = "Last3EqualStrings", "Last3EqualStrings\Last3EqualStrings.csproj", "{3324514D-1160-4FD6-A559-9C8E77559CA0}"
EndProject
Project("{FAE04EC0-301F-11D3-BF4B-00C04F79EFBC}") = "ArrayElementsEqualToTheirIndex", "ArrayElementsEqualToTheirIndex\ArrayElementsEqualToTheirIndex.csproj", "{513B77E7-8E44-4A2F-825E-62CBEEEEE403}"
EndProject
Project("{FAE04EC0-301F-11D3-BF4B-00C04F79EFBC}") = "Phonebook", "Phonebook\Phonebook.csproj", "{49548774-1AF8-46F6-9449-AC2F98CA1EA8}"
EndProject
Project("{FAE04EC0-301F-11D3-BF4B-00C04F79EFBC}") = "Phone", "Phone\Phone.csproj", "{05D1E35E-AD47-4406-AB84-CE312B40B597}"
EndProject
Project("{FAE04EC0-301F-11D3-BF4B-00C04F79EFBC}") = "CharRotation", "CharRotation\CharRotation.csproj", "{5FABA31D-5F14-4476-8B6B-71D47166D826}"
EndProject
Project("{FAE04EC0-301F-11D3-BF4B-00C04F79EFBC}") = "PowerPlants", "PowerPlants\PowerPlants.csproj", "{642A5E41-836E-4FCF-AA24-87F5B26763E2}"
EndProject
Project("{FAE04EC0-301F-11D3-BF4B-00C04F79EFBC}") = "ResizableArray", "ResizableArray\ResizableArray.csproj", "{2778559A-C06E-4C81-8A34-E58AB2B1402F}"
EndProject
Global
	GlobalSection(SolutionConfigurationPlatforms) = preSolution
		Debug|Any CPU = Debug|Any CPU
		Release|Any CPU = Release|Any CPU
	EndGlobalSection
	GlobalSection(ProjectConfigurationPlatforms) = postSolution
		{3324514D-1160-4FD6-A559-9C8E77559CA0}.Debug|Any CPU.ActiveCfg = Debug|Any CPU
		{3324514D-1160-4FD6-A559-9C8E77559CA0}.Debug|Any CPU.Build.0 = Debug|Any CPU
		{3324514D-1160-4FD6-A559-9C8E77559CA0}.Release|Any CPU.ActiveCfg = Release|Any CPU
		{3324514D-1160-4FD6-A559-9C8E77559CA0}.Release|Any CPU.Build.0 = Release|Any CPU
		{513B77E7-8E44-4A2F-825E-62CBEEEEE403}.Debug|Any CPU.ActiveCfg = Debug|Any CPU
		{513B77E7-8E44-4A2F-825E-62CBEEEEE403}.Debug|Any CPU.Build.0 = Debug|Any CPU
		{513B77E7-8E44-4A2F-825E-62CBEEEEE403}.Release|Any CPU.ActiveCfg = Release|Any CPU
		{513B77E7-8E44-4A2F-825E-62CBEEEEE403}.Release|Any CPU.Build.0 = Release|Any CPU
		{49548774-1AF8-46F6-9449-AC2F98CA1EA8}.Debug|Any CPU.ActiveCfg = Debug|Any CPU
		{49548774-1AF8-46F6-9449-AC2F98CA1EA8}.Debug|Any CPU.Build.0 = Debug|Any CPU
		{49548774-1AF8-46F6-9449-AC2F98CA1EA8}.Release|Any CPU.ActiveCfg = Release|Any CPU
		{49548774-1AF8-46F6-9449-AC2F98CA1EA8}.Release|Any CPU.Build.0 = Release|Any CPU
		{05D1E35E-AD47-4406-AB84-CE312B40B597}.Debug|Any CPU.ActiveCfg = Debug|Any CPU
		{05D1E35E-AD47-4406-AB84-CE312B40B597}.Debug|Any CPU.Build.0 = Debug|Any CPU
		{05D1E35E-AD47-4406-AB84-CE312B40B597}.Release|Any CPU.ActiveCfg = Release|Any CPU
		{05D1E35E-AD47-4406-AB84-CE312B40B597}.Release|Any CPU.Build.0 = Release|Any CPU
		{5FABA31D-5F14-4476-8B6B-71D47166D826}.Debug|Any CPU.ActiveCfg = Debug|Any CPU
		{5FABA31D-5F14-4476-8B6B-71D47166D826}.Debug|Any CPU.Build.0 = Debug|Any CPU
		{5FABA31D-5F14-4476-8B6B-71D47166D826}.Release|Any CPU.ActiveCfg = Release|Any CPU
		{5FABA31D-5F14-4476-8B6B-71D47166D826}.Release|Any CPU.Build.0 = Release|Any CPU
		{642A5E41-836E-4FCF-AA24-87F5B26763E2}.Debug|Any CPU.ActiveCfg = Debug|Any CPU
		{642A5E41-836E-4FCF-AA24-87F5B26763E2}.Debug|Any CPU.Build.0 = Debug|Any CPU
		{642A5E41-836E-4FCF-AA24-87F5B26763E2}.Release|Any CPU.ActiveCfg = Release|Any CPU
		{642A5E41-836E-4FCF-AA24-87F5B26763E2}.Release|Any CPU.Build.0 = Release|Any CPU
		{2778559A-C06E-4C81-8A34-E58AB2B1402F}.Debug|Any CPU.ActiveCfg = Debug|Any CPU
		{2778559A-C06E-4C81-8A34-E58AB2B1402F}.Debug|Any CPU.Build.0 = Debug|Any CPU
		{2778559A-C06E-4C81-8A34-E58AB2B1402F}.Release|Any CPU.ActiveCfg = Release|Any CPU
		{2778559A-C06E-4C81-8A34-E58AB2B1402F}.Release|Any CPU.Build.0 = Release|Any CPU
	EndGlobalSection
	GlobalSection(SolutionProperties) = preSolution
		HideSolutionNode = FALSE
	EndGlobalSection
EndGlobal
