
Microsoft Visual Studio Solution File, Format Version 12.00
# Visual Studio 14
VisualStudioVersion = 14.0.25420.1
MinimumVisualStudioVersion = 10.0.40219.1
Project("{FAE04EC0-301F-11D3-BF4B-00C04F79EFBC}") = "01. Trainers", "01. Trainers\01. Trainers.csproj", "{57807830-0C28-431C-A710-12A79DA0E0AA}"
EndProject
Project("{FAE04EC0-301F-11D3-BF4B-00C04F79EFBC}") = "02. Entertrain", "02. Entertrain\02. Entertrain.csproj", "{BF6585DF-B6B4-453B-89F4-7A507D7E4996}"
EndProject
Project("{FAE04EC0-301F-11D3-BF4B-00C04F79EFBC}") = "03. Trainegram", "03. Trainegram\03. Trainegram.csproj", "{38E35932-5C9C-420A-BF79-2A0815235611}"
EndProject
Project("{FAE04EC0-301F-11D3-BF4B-00C04F79EFBC}") = "04. Trainlands", "04. Trainlands\04. Trainlands.csproj", "{6F27F7C2-3F35-4187-BA48-A7705C7DAE01}"
EndProject
Global
	GlobalSection(SolutionConfigurationPlatforms) = preSolution
		Debug|Any CPU = Debug|Any CPU
		Release|Any CPU = Release|Any CPU
	EndGlobalSection
	GlobalSection(ProjectConfigurationPlatforms) = postSolution
		{57807830-0C28-431C-A710-12A79DA0E0AA}.Debug|Any CPU.ActiveCfg = Debug|Any CPU
		{57807830-0C28-431C-A710-12A79DA0E0AA}.Debug|Any CPU.Build.0 = Debug|Any CPU
		{57807830-0C28-431C-A710-12A79DA0E0AA}.Release|Any CPU.ActiveCfg = Release|Any CPU
		{57807830-0C28-431C-A710-12A79DA0E0AA}.Release|Any CPU.Build.0 = Release|Any CPU
		{BF6585DF-B6B4-453B-89F4-7A507D7E4996}.Debug|Any CPU.ActiveCfg = Debug|Any CPU
		{BF6585DF-B6B4-453B-89F4-7A507D7E4996}.Debug|Any CPU.Build.0 = Debug|Any CPU
		{BF6585DF-B6B4-453B-89F4-7A507D7E4996}.Release|Any CPU.ActiveCfg = Release|Any CPU
		{BF6585DF-B6B4-453B-89F4-7A507D7E4996}.Release|Any CPU.Build.0 = Release|Any CPU
		{38E35932-5C9C-420A-BF79-2A0815235611}.Debug|Any CPU.ActiveCfg = Debug|Any CPU
		{38E35932-5C9C-420A-BF79-2A0815235611}.Debug|Any CPU.Build.0 = Debug|Any CPU
		{38E35932-5C9C-420A-BF79-2A0815235611}.Release|Any CPU.ActiveCfg = Release|Any CPU
		{38E35932-5C9C-420A-BF79-2A0815235611}.Release|Any CPU.Build.0 = Release|Any CPU
		{6F27F7C2-3F35-4187-BA48-A7705C7DAE01}.Debug|Any CPU.ActiveCfg = Debug|Any CPU
		{6F27F7C2-3F35-4187-BA48-A7705C7DAE01}.Debug|Any CPU.Build.0 = Debug|Any CPU
		{6F27F7C2-3F35-4187-BA48-A7705C7DAE01}.Release|Any CPU.ActiveCfg = Release|Any CPU
		{6F27F7C2-3F35-4187-BA48-A7705C7DAE01}.Release|Any CPU.Build.0 = Release|Any CPU
	EndGlobalSection
	GlobalSection(SolutionProperties) = preSolution
		HideSolutionNode = FALSE
	EndGlobalSection
EndGlobal
