
Microsoft Visual Studio Solution File, Format Version 12.00
# Visual Studio 14
VisualStudioVersion = 14.0.25420.1
MinimumVisualStudioVersion = 10.0.40219.1
Project("{FAE04EC0-301F-11D3-BF4B-00C04F79EFBC}") = "01. Register Users", "01. Register Users\01. Register Users.csproj", "{9965767D-2218-43D9-BA74-1D31514D55E7}"
EndProject
Project("{FAE04EC0-301F-11D3-BF4B-00C04F79EFBC}") = "02. Default Values", "02. Default Values\02. Default Values.csproj", "{D6915CDB-5BB9-40E5-B442-FE4F6F0C33F8}"
EndProject
Project("{FAE04EC0-301F-11D3-BF4B-00C04F79EFBC}") = "03. Shopping Spree", "03. Shopping Spree\03. Shopping Spree.csproj", "{A5D000C4-9125-4A59-B3D7-1A7C40467612}"
EndProject
Project("{FAE04EC0-301F-11D3-BF4B-00C04F79EFBC}") = "04 SoftUni Beer Pong", "04 SoftUni Beer Pong\04 SoftUni Beer Pong.csproj", "{CC937928-B44F-4A4F-8375-4A49AC921A75}"
EndProject
Project("{FAE04EC0-301F-11D3-BF4B-00C04F79EFBC}") = "05. Flatten Dictionary", "05. Flatten Dictionary\05. Flatten Dictionary.csproj", "{373A59F8-AD3F-418F-99CE-1F11C86AE394}"
EndProject
Project("{FAE04EC0-301F-11D3-BF4B-00C04F79EFBC}") = "06. CottageScraper", "06. CottageScraper\06. CottageScraper.csproj", "{9A562033-0DFB-49BE-AB42-6E61155EA68E}"
EndProject
Global
	GlobalSection(SolutionConfigurationPlatforms) = preSolution
		Debug|Any CPU = Debug|Any CPU
		Release|Any CPU = Release|Any CPU
	EndGlobalSection
	GlobalSection(ProjectConfigurationPlatforms) = postSolution
		{9965767D-2218-43D9-BA74-1D31514D55E7}.Debug|Any CPU.ActiveCfg = Debug|Any CPU
		{9965767D-2218-43D9-BA74-1D31514D55E7}.Debug|Any CPU.Build.0 = Debug|Any CPU
		{9965767D-2218-43D9-BA74-1D31514D55E7}.Release|Any CPU.ActiveCfg = Release|Any CPU
		{9965767D-2218-43D9-BA74-1D31514D55E7}.Release|Any CPU.Build.0 = Release|Any CPU
		{D6915CDB-5BB9-40E5-B442-FE4F6F0C33F8}.Debug|Any CPU.ActiveCfg = Debug|Any CPU
		{D6915CDB-5BB9-40E5-B442-FE4F6F0C33F8}.Debug|Any CPU.Build.0 = Debug|Any CPU
		{D6915CDB-5BB9-40E5-B442-FE4F6F0C33F8}.Release|Any CPU.ActiveCfg = Release|Any CPU
		{D6915CDB-5BB9-40E5-B442-FE4F6F0C33F8}.Release|Any CPU.Build.0 = Release|Any CPU
		{A5D000C4-9125-4A59-B3D7-1A7C40467612}.Debug|Any CPU.ActiveCfg = Debug|Any CPU
		{A5D000C4-9125-4A59-B3D7-1A7C40467612}.Debug|Any CPU.Build.0 = Debug|Any CPU
		{A5D000C4-9125-4A59-B3D7-1A7C40467612}.Release|Any CPU.ActiveCfg = Release|Any CPU
		{A5D000C4-9125-4A59-B3D7-1A7C40467612}.Release|Any CPU.Build.0 = Release|Any CPU
		{CC937928-B44F-4A4F-8375-4A49AC921A75}.Debug|Any CPU.ActiveCfg = Debug|Any CPU
		{CC937928-B44F-4A4F-8375-4A49AC921A75}.Debug|Any CPU.Build.0 = Debug|Any CPU
		{CC937928-B44F-4A4F-8375-4A49AC921A75}.Release|Any CPU.ActiveCfg = Release|Any CPU
		{CC937928-B44F-4A4F-8375-4A49AC921A75}.Release|Any CPU.Build.0 = Release|Any CPU
		{373A59F8-AD3F-418F-99CE-1F11C86AE394}.Debug|Any CPU.ActiveCfg = Debug|Any CPU
		{373A59F8-AD3F-418F-99CE-1F11C86AE394}.Debug|Any CPU.Build.0 = Debug|Any CPU
		{373A59F8-AD3F-418F-99CE-1F11C86AE394}.Release|Any CPU.ActiveCfg = Release|Any CPU
		{373A59F8-AD3F-418F-99CE-1F11C86AE394}.Release|Any CPU.Build.0 = Release|Any CPU
		{9A562033-0DFB-49BE-AB42-6E61155EA68E}.Debug|Any CPU.ActiveCfg = Debug|Any CPU
		{9A562033-0DFB-49BE-AB42-6E61155EA68E}.Debug|Any CPU.Build.0 = Debug|Any CPU
		{9A562033-0DFB-49BE-AB42-6E61155EA68E}.Release|Any CPU.ActiveCfg = Release|Any CPU
		{9A562033-0DFB-49BE-AB42-6E61155EA68E}.Release|Any CPU.Build.0 = Release|Any CPU
	EndGlobalSection
	GlobalSection(SolutionProperties) = preSolution
		HideSolutionNode = FALSE
	EndGlobalSection
EndGlobal
