
Microsoft Visual Studio Solution File, Format Version 12.00
# Visual Studio 14
VisualStudioVersion = 14.0.25420.1
MinimumVisualStudioVersion = 10.0.40219.1
Project("{FAE04EC0-301F-11D3-BF4B-00C04F79EFBC}") = "DebuggingTrickyStrings", "DebuggingTrickyStrings\DebuggingTrickyStrings.csproj", "{55F13EC8-6003-43A9-ABF9-CC7439AB6523}"
EndProject
Project("{FAE04EC0-301F-11D3-BF4B-00C04F79EFBC}") = "DebuggingTriangleFormations", "DebuggingTriangleFormations\DebuggingTriangleFormations.csproj", "{42A815AA-17D2-41BB-B52D-CA1CCAB68C2B}"
EndProject
Project("{FAE04EC0-301F-11D3-BF4B-00C04F79EFBC}") = "DebuggingTetris", "DebuggingTetris\DebuggingTetris.csproj", "{705E8452-E30A-47F1-A8BE-D46745A92CCC}"
EndProject
Project("{FAE04EC0-301F-11D3-BF4B-00C04F79EFBC}") = "DebuggingMiningCoins", "DebuggingMiningCoins\DebuggingMiningCoins.csproj", "{2A23DE42-1293-48F4-8BDF-391A8E7695BC}"
EndProject
Global
	GlobalSection(SolutionConfigurationPlatforms) = preSolution
		Debug|Any CPU = Debug|Any CPU
		Release|Any CPU = Release|Any CPU
	EndGlobalSection
	GlobalSection(ProjectConfigurationPlatforms) = postSolution
		{55F13EC8-6003-43A9-ABF9-CC7439AB6523}.Debug|Any CPU.ActiveCfg = Debug|Any CPU
		{55F13EC8-6003-43A9-ABF9-CC7439AB6523}.Debug|Any CPU.Build.0 = Debug|Any CPU
		{55F13EC8-6003-43A9-ABF9-CC7439AB6523}.Release|Any CPU.ActiveCfg = Release|Any CPU
		{55F13EC8-6003-43A9-ABF9-CC7439AB6523}.Release|Any CPU.Build.0 = Release|Any CPU
		{42A815AA-17D2-41BB-B52D-CA1CCAB68C2B}.Debug|Any CPU.ActiveCfg = Debug|Any CPU
		{42A815AA-17D2-41BB-B52D-CA1CCAB68C2B}.Debug|Any CPU.Build.0 = Debug|Any CPU
		{42A815AA-17D2-41BB-B52D-CA1CCAB68C2B}.Release|Any CPU.ActiveCfg = Release|Any CPU
		{42A815AA-17D2-41BB-B52D-CA1CCAB68C2B}.Release|Any CPU.Build.0 = Release|Any CPU
		{705E8452-E30A-47F1-A8BE-D46745A92CCC}.Debug|Any CPU.ActiveCfg = Debug|Any CPU
		{705E8452-E30A-47F1-A8BE-D46745A92CCC}.Debug|Any CPU.Build.0 = Debug|Any CPU
		{705E8452-E30A-47F1-A8BE-D46745A92CCC}.Release|Any CPU.ActiveCfg = Release|Any CPU
		{705E8452-E30A-47F1-A8BE-D46745A92CCC}.Release|Any CPU.Build.0 = Release|Any CPU
		{2A23DE42-1293-48F4-8BDF-391A8E7695BC}.Debug|Any CPU.ActiveCfg = Debug|Any CPU
		{2A23DE42-1293-48F4-8BDF-391A8E7695BC}.Debug|Any CPU.Build.0 = Debug|Any CPU
		{2A23DE42-1293-48F4-8BDF-391A8E7695BC}.Release|Any CPU.ActiveCfg = Release|Any CPU
		{2A23DE42-1293-48F4-8BDF-391A8E7695BC}.Release|Any CPU.Build.0 = Release|Any CPU
	EndGlobalSection
	GlobalSection(SolutionProperties) = preSolution
		HideSolutionNode = FALSE
	EndGlobalSection
EndGlobal
